
Microsoft Visual Studio Solution File, Format Version 12.00
# Visual Studio Version 16
VisualStudioVersion = 16.0.31105.61
MinimumVisualStudioVersion = 10.0.40219.1
Project("{FAE04EC0-301F-11D3-BF4B-00C04F79EFBC}") = "Task 2 1 1", "Task 2 1 1.csproj", "{A343ABAB-506D-46C9-80D8-C664483F5D0F}"
EndProject
Global
	GlobalSection(SolutionConfigurationPlatforms) = preSolution
		Debug|Any CPU = Debug|Any CPU
		Release|Any CPU = Release|Any CPU
	EndGlobalSection
	GlobalSection(ProjectConfigurationPlatforms) = postSolution
		{A343ABAB-506D-46C9-80D8-C664483F5D0F}.Debug|Any CPU.ActiveCfg = Debug|Any CPU
		{A343ABAB-506D-46C9-80D8-C664483F5D0F}.Debug|Any CPU.Build.0 = Debug|Any CPU
		{A343ABAB-506D-46C9-80D8-C664483F5D0F}.Release|Any CPU.ActiveCfg = Release|Any CPU
		{A343ABAB-506D-46C9-80D8-C664483F5D0F}.Release|Any CPU.Build.0 = Release|Any CPU
	EndGlobalSection
	GlobalSection(SolutionProperties) = preSolution
		HideSolutionNode = FALSE
	EndGlobalSection
	GlobalSection(ExtensibilityGlobals) = postSolution
		SolutionGuid = {2D238613-F49F-48E1-AB23-34C25B65F575}
	EndGlobalSection
EndGlobal
